
Microsoft Visual Studio Solution File, Format Version 12.00
# Visual Studio 15
VisualStudioVersion = 15.0.27130.2010
MinimumVisualStudioVersion = 10.0.40219.1
Project("{9A19103F-16F7-4668-BE54-9A1E7A4F7556}") = "Vue.Simple.Template", "Content\Vue.Simple.Template.csproj", "{7C2946B1-91FE-4E0D-BEC7-1E456A600105}"
EndProject
Project("{2150E333-8FDC-42A3-9474-1A3956D46DE8}") = "SolutionItems", "SolutionItems", "{09E12092-D274-4302-8C54-5E7D93A0E35B}"
	ProjectSection(SolutionItems) = preProject
		.editorconfig = .editorconfig
		.gitignore = .gitignore
	EndProjectSection
EndProject
Global
	GlobalSection(SolutionConfigurationPlatforms) = preSolution
		Debug|Any CPU = Debug|Any CPU
		Release|Any CPU = Release|Any CPU
	EndGlobalSection
	GlobalSection(ProjectConfigurationPlatforms) = postSolution
		{7C2946B1-91FE-4E0D-BEC7-1E456A600105}.Debug|Any CPU.ActiveCfg = Debug|Any CPU
		{7C2946B1-91FE-4E0D-BEC7-1E456A600105}.Debug|Any CPU.Build.0 = Debug|Any CPU
		{7C2946B1-91FE-4E0D-BEC7-1E456A600105}.Release|Any CPU.ActiveCfg = Release|Any CPU
		{7C2946B1-91FE-4E0D-BEC7-1E456A600105}.Release|Any CPU.Build.0 = Release|Any CPU
	EndGlobalSection
	GlobalSection(SolutionProperties) = preSolution
		HideSolutionNode = FALSE
	EndGlobalSection
	GlobalSection(ExtensibilityGlobals) = postSolution
		SolutionGuid = {32A123D0-E673-4CD1-84CB-10E43B63FC76}
	EndGlobalSection
EndGlobal
